
Microsoft Visual Studio Solution File, Format Version 12.00
# Visual Studio Version 17
VisualStudioVersion = 17.10.34928.147
MinimumVisualStudioVersion = 10.0.40219.1
Project("{8BC9CEB8-8B4A-11D0-8D11-00A0C91BC942}") = "Dz_30.05", "Dz_30.05\Dz_30.05.vcxproj", "{4D027821-C6BE-467A-9C35-CB91703BD6D4}"
EndProject
Global
	GlobalSection(SolutionConfigurationPlatforms) = preSolution
		Debug|x64 = Debug|x64
		Debug|x86 = Debug|x86
		Release|x64 = Release|x64
		Release|x86 = Release|x86
	EndGlobalSection
	GlobalSection(ProjectConfigurationPlatforms) = postSolution
		{4D027821-C6BE-467A-9C35-CB91703BD6D4}.Debug|x64.ActiveCfg = Debug|x64
		{4D027821-C6BE-467A-9C35-CB91703BD6D4}.Debug|x64.Build.0 = Debug|x64
		{4D027821-C6BE-467A-9C35-CB91703BD6D4}.Debug|x86.ActiveCfg = Debug|Win32
		{4D027821-C6BE-467A-9C35-CB91703BD6D4}.Debug|x86.Build.0 = Debug|Win32
		{4D027821-C6BE-467A-9C35-CB91703BD6D4}.Release|x64.ActiveCfg = Release|x64
		{4D027821-C6BE-467A-9C35-CB91703BD6D4}.Release|x64.Build.0 = Release|x64
		{4D027821-C6BE-467A-9C35-CB91703BD6D4}.Release|x86.ActiveCfg = Release|Win32
		{4D027821-C6BE-467A-9C35-CB91703BD6D4}.Release|x86.Build.0 = Release|Win32
	EndGlobalSection
	GlobalSection(SolutionProperties) = preSolution
		HideSolutionNode = FALSE
	EndGlobalSection
	GlobalSection(ExtensibilityGlobals) = postSolution
		SolutionGuid = {574BEE20-E215-4BCB-B63F-15D96C55335F}
	EndGlobalSection
EndGlobal
